# This file is automatically @generated by Cargo.
# It is not intended for manual editing.
version = 4

[[package]]
name = "device-sim"
version = "0.1.0"

[[package]]
name = "route-sim"
version = "0.1.0"

[[package]]
name = "trace-billing"
version = "0.1.0"

[[package]]
name = "trace-cloud"
version = "0.1.0"

[[package]]
name = "trace-core"
version = "0.1.0"

[[package]]
name = "trace-devices"
version = "0.1.0"

[[package]]
name = "trace-edge"
version = "0.1.0"

[[package]]
name = "trace-license"
version = "0.1.0"

[[package]]
name = "trace-mark"
version = "0.1.0"

[[package]]
name = "trace-station"
version = "0.1.0"

[[package]]
name = "trace-store"
version = "0.1.0"

[[package]]
name = "trace-sync"
version = "0.1.0"

[[package]]
name = "trace-updater"
version = "0.1.0"
